// !$*UTF8*$!
{
	archiveVersion = 1;
	classes = {
	};
	objectVersion = 56;
	objects = {

/* Begin PBXBuildFile section */
		082E5E1B2A7D7F3200CF1776 /* MainPresenterInput.swift in Sources */ = {isa = PBXBuildFile; fileRef = 082E5E0B2A7D7F3200CF1776 /* MainPresenterInput.swift */; };
		082E5E1C2A7D7F3200CF1776 /* MainPresenter.swift in Sources */ = {isa = PBXBuildFile; fileRef = 082E5E0C2A7D7F3200CF1776 /* MainPresenter.swift */; };
		082E5E1D2A7D7F3200CF1776 /* MainRouterInput.swift in Sources */ = {isa = PBXBuildFile; fileRef = 082E5E0E2A7D7F3200CF1776 /* MainRouterInput.swift */; };
		082E5E1E2A7D7F3200CF1776 /* MainRouter.swift in Sources */ = {isa = PBXBuildFile; fileRef = 082E5E0F2A7D7F3200CF1776 /* MainRouter.swift */; };
		082E5E1F2A7D7F3200CF1776 /* MainAssembly.swift in Sources */ = {isa = PBXBuildFile; fileRef = 082E5E112A7D7F3200CF1776 /* MainAssembly.swift */; };
		082E5E202A7D7F3200CF1776 /* MainInteractor.swift in Sources */ = {isa = PBXBuildFile; fileRef = 082E5E132A7D7F3200CF1776 /* MainInteractor.swift */; };
		082E5E212A7D7F3200CF1776 /* MainInteractorInput.swift in Sources */ = {isa = PBXBuildFile; fileRef = 082E5E142A7D7F3200CF1776 /* MainInteractorInput.swift */; };
		082E5E242A7D7F3200CF1776 /* MainViewControllerInput.swift in Sources */ = {isa = PBXBuildFile; fileRef = 082E5E192A7D7F3200CF1776 /* MainViewControllerInput.swift */; };
		082E5E252A7D7F3200CF1776 /* MainViewController.swift in Sources */ = {isa = PBXBuildFile; fileRef = 082E5E1A2A7D7F3200CF1776 /* MainViewController.swift */; };
		082E5E282A7D81BF00CF1776 /* BaseViewController.swift in Sources */ = {isa = PBXBuildFile; fileRef = 082E5E272A7D81BF00CF1776 /* BaseViewController.swift */; };
		082E5E372A7D842500CF1776 /* EditorRouterInput.swift in Sources */ = {isa = PBXBuildFile; fileRef = 082E5E2A2A7D842500CF1776 /* EditorRouterInput.swift */; };
		082E5E382A7D842500CF1776 /* EditorRouter.swift in Sources */ = {isa = PBXBuildFile; fileRef = 082E5E2B2A7D842500CF1776 /* EditorRouter.swift */; };
		082E5E392A7D842500CF1776 /* EditorAssembly.swift in Sources */ = {isa = PBXBuildFile; fileRef = 082E5E2D2A7D842500CF1776 /* EditorAssembly.swift */; };
		082E5E3A2A7D842500CF1776 /* EditorViewControllerInput.swift in Sources */ = {isa = PBXBuildFile; fileRef = 082E5E2F2A7D842500CF1776 /* EditorViewControllerInput.swift */; };
		082E5E3B2A7D842500CF1776 /* EditorViewController.swift in Sources */ = {isa = PBXBuildFile; fileRef = 082E5E302A7D842500CF1776 /* EditorViewController.swift */; };
		082E5E3C2A7D842500CF1776 /* EditorPresenter.swift in Sources */ = {isa = PBXBuildFile; fileRef = 082E5E322A7D842500CF1776 /* EditorPresenter.swift */; };
		082E5E3D2A7D842500CF1776 /* EditorPresenterInput.swift in Sources */ = {isa = PBXBuildFile; fileRef = 082E5E332A7D842500CF1776 /* EditorPresenterInput.swift */; };
		082E5E3E2A7D842500CF1776 /* EditorInteractor.swift in Sources */ = {isa = PBXBuildFile; fileRef = 082E5E352A7D842500CF1776 /* EditorInteractor.swift */; };
		082E5E3F2A7D842500CF1776 /* EditorInteractorInput.swift in Sources */ = {isa = PBXBuildFile; fileRef = 082E5E362A7D842500CF1776 /* EditorInteractorInput.swift */; };
		082E5E4E2A7D842B00CF1776 /* PaywallPresenter.swift in Sources */ = {isa = PBXBuildFile; fileRef = 082E5E412A7D842B00CF1776 /* PaywallPresenter.swift */; };
		082E5E4F2A7D842B00CF1776 /* PaywallPresenterInput.swift in Sources */ = {isa = PBXBuildFile; fileRef = 082E5E422A7D842B00CF1776 /* PaywallPresenterInput.swift */; };
		082E5E502A7D842B00CF1776 /* PaywallAssembly.swift in Sources */ = {isa = PBXBuildFile; fileRef = 082E5E442A7D842B00CF1776 /* PaywallAssembly.swift */; };
		082E5E512A7D842B00CF1776 /* PaywallInteractor.swift in Sources */ = {isa = PBXBuildFile; fileRef = 082E5E462A7D842B00CF1776 /* PaywallInteractor.swift */; };
		082E5E522A7D842B00CF1776 /* PaywallInteractorInput.swift in Sources */ = {isa = PBXBuildFile; fileRef = 082E5E472A7D842B00CF1776 /* PaywallInteractorInput.swift */; };
		082E5E532A7D842B00CF1776 /* PaywallViewControllerInput.swift in Sources */ = {isa = PBXBuildFile; fileRef = 082E5E492A7D842B00CF1776 /* PaywallViewControllerInput.swift */; };
		082E5E542A7D842B00CF1776 /* PaywallViewController.swift in Sources */ = {isa = PBXBuildFile; fileRef = 082E5E4A2A7D842B00CF1776 /* PaywallViewController.swift */; };
		082E5E552A7D842B00CF1776 /* PaywallRouterInput.swift in Sources */ = {isa = PBXBuildFile; fileRef = 082E5E4C2A7D842B00CF1776 /* PaywallRouterInput.swift */; };
		082E5E562A7D842B00CF1776 /* PaywallRouter.swift in Sources */ = {isa = PBXBuildFile; fileRef = 082E5E4D2A7D842B00CF1776 /* PaywallRouter.swift */; };
		082E5E662A7D851900CF1776 /* TemplateRouterInput.swift in Sources */ = {isa = PBXBuildFile; fileRef = 082E5E592A7D851900CF1776 /* TemplateRouterInput.swift */; };
		082E5E672A7D851900CF1776 /* TemplateRouter.swift in Sources */ = {isa = PBXBuildFile; fileRef = 082E5E5A2A7D851900CF1776 /* TemplateRouter.swift */; };
		082E5E682A7D851900CF1776 /* TemplateInteractor.swift in Sources */ = {isa = PBXBuildFile; fileRef = 082E5E5C2A7D851900CF1776 /* TemplateInteractor.swift */; };
		082E5E692A7D851900CF1776 /* TemplateInteractorInput.swift in Sources */ = {isa = PBXBuildFile; fileRef = 082E5E5D2A7D851900CF1776 /* TemplateInteractorInput.swift */; };
		082E5E6A2A7D851900CF1776 /* TemplateViewControllerInput.swift in Sources */ = {isa = PBXBuildFile; fileRef = 082E5E5F2A7D851900CF1776 /* TemplateViewControllerInput.swift */; };
		082E5E6B2A7D851900CF1776 /* TemplateViewController.swift in Sources */ = {isa = PBXBuildFile; fileRef = 082E5E602A7D851900CF1776 /* TemplateViewController.swift */; };
		082E5E6C2A7D851900CF1776 /* TemplateAssembly.swift in Sources */ = {isa = PBXBuildFile; fileRef = 082E5E622A7D851900CF1776 /* TemplateAssembly.swift */; };
		082E5E6D2A7D851900CF1776 /* TemplatePresenterInput.swift in Sources */ = {isa = PBXBuildFile; fileRef = 082E5E642A7D851900CF1776 /* TemplatePresenterInput.swift */; };
		082E5E6E2A7D851900CF1776 /* TemplatePresenter.swift in Sources */ = {isa = PBXBuildFile; fileRef = 082E5E652A7D851900CF1776 /* TemplatePresenter.swift */; };
		082E5E722A7EB73200CF1776 /* MainCollectionManager.swift in Sources */ = {isa = PBXBuildFile; fileRef = 082E5E712A7EB73200CF1776 /* MainCollectionManager.swift */; };
		082E5E772A7EB8F100CF1776 /* SquareModel.swift in Sources */ = {isa = PBXBuildFile; fileRef = 082E5E762A7EB8F100CF1776 /* SquareModel.swift */; };
		082E5E792A7EB93F00CF1776 /* AddCollectionViewCell.swift in Sources */ = {isa = PBXBuildFile; fileRef = 082E5E782A7EB93F00CF1776 /* AddCollectionViewCell.swift */; };
		082E5E7B2A7EB94D00CF1776 /* PaywallCollectionViewCell.swift in Sources */ = {isa = PBXBuildFile; fileRef = 082E5E7A2A7EB94D00CF1776 /* PaywallCollectionViewCell.swift */; };
		082E5E7D2A7EB97D00CF1776 /* TemplateCollectionViewCell.swift in Sources */ = {isa = PBXBuildFile; fileRef = 082E5E7C2A7EB97D00CF1776 /* TemplateCollectionViewCell.swift */; };
		082E5E7F2A7EBACB00CF1776 /* MainViewModel.swift in Sources */ = {isa = PBXBuildFile; fileRef = 082E5E7E2A7EBACB00CF1776 /* MainViewModel.swift */; };
		082E5E822A7ED7D200CF1776 /* UIImage+Extension.swift in Sources */ = {isa = PBXBuildFile; fileRef = 082E5E812A7ED7D200CF1776 /* UIImage+Extension.swift */; };
		08C952B72A7D5628009D501C /* AppDelegate.swift in Sources */ = {isa = PBXBuildFile; fileRef = 08C952B62A7D5628009D501C /* AppDelegate.swift */; };
		08C952B92A7D5628009D501C /* SceneDelegate.swift in Sources */ = {isa = PBXBuildFile; fileRef = 08C952B82A7D5628009D501C /* SceneDelegate.swift */; };
		08C952C02A7D562A009D501C /* Assets.xcassets in Resources */ = {isa = PBXBuildFile; fileRef = 08C952BF2A7D562A009D501C /* Assets.xcassets */; };
		08C952C32A7D562A009D501C /* LaunchScreen.storyboard in Resources */ = {isa = PBXBuildFile; fileRef = 08C952C12A7D562A009D501C /* LaunchScreen.storyboard */; };
		08C952D22A7D5843009D501C /* KMDrawViewSDK.framework in Frameworks */ = {isa = PBXBuildFile; fileRef = 08C952D12A7D5843009D501C /* KMDrawViewSDK.framework */; };
		554F30992A814A500077114D /* IphoneCollectionViewLayout.swift in Sources */ = {isa = PBXBuildFile; fileRef = 554F30982A814A500077114D /* IphoneCollectionViewLayout.swift */; };
		554F309B2A814B300077114D /* IpadCollectionViewLayout.swift in Sources */ = {isa = PBXBuildFile; fileRef = 554F309A2A814B300077114D /* IpadCollectionViewLayout.swift */; };
		554F309E2A818C850077114D /* MenuView.swift in Sources */ = {isa = PBXBuildFile; fileRef = 554F309D2A818C850077114D /* MenuView.swift */; };
		554F30A02A818FAA0077114D /* PriceView.swift in Sources */ = {isa = PBXBuildFile; fileRef = 554F309F2A818FAA0077114D /* PriceView.swift */; };
		554F30A22A81A6CE0077114D /* CustomLineView.swift in Sources */ = {isa = PBXBuildFile; fileRef = 554F30A12A81A6CE0077114D /* CustomLineView.swift */; };
		554F30A62A81B85C0077114D /* TrialView.swift in Sources */ = {isa = PBXBuildFile; fileRef = 554F30A52A81B85C0077114D /* TrialView.swift */; };
		558D83022A7D660A003EC291 /* SnapKit in Frameworks */ = {isa = PBXBuildFile; productRef = 558D83012A7D660A003EC291 /* SnapKit */; };
		558D83052A7D677C003EC291 /* Realm in Frameworks */ = {isa = PBXBuildFile; productRef = 558D83042A7D677C003EC291 /* Realm */; };
		558D83072A7D677C003EC291 /* RealmSwift in Frameworks */ = {isa = PBXBuildFile; productRef = 558D83062A7D677C003EC291 /* RealmSwift */; };
		55A243242A82813400288046 /* WeeklyView.swift in Sources */ = {isa = PBXBuildFile; fileRef = 55A243232A82813400288046 /* WeeklyView.swift */; };
		55A243262A82834F00288046 /* File.swift in Sources */ = {isa = PBXBuildFile; fileRef = 55A243252A82834F00288046 /* File.swift */; };
		55CA4B7D2A7EAEE800B43191 /* FrameBuilder in Frameworks */ = {isa = PBXBuildFile; productRef = 55CA4B7C2A7EAEE800B43191 /* FrameBuilder */; };
		55FEB5A82A826F9400D82B25 /* SelectPlanView.swift in Sources */ = {isa = PBXBuildFile; fileRef = 55FEB5A72A826F9400D82B25 /* SelectPlanView.swift */; };
/* End PBXBuildFile section */

/* Begin PBXCopyFilesBuildPhase section */
		08C952D02A7D574D009D501C /* Embed Frameworks */ = {
			isa = PBXCopyFilesBuildPhase;
			buildActionMask = 2147483647;
			dstPath = "";
			dstSubfolderSpec = 10;
			files = (
			);
			name = "Embed Frameworks";
			runOnlyForDeploymentPostprocessing = 0;
		};
/* End PBXCopyFilesBuildPhase section */

/* Begin PBXFileReference section */
		082E5E0B2A7D7F3200CF1776 /* MainPresenterInput.swift */ = {isa = PBXFileReference; fileEncoding = 4; lastKnownFileType = sourcecode.swift; path = MainPresenterInput.swift; sourceTree = "<group>"; };
		082E5E0C2A7D7F3200CF1776 /* MainPresenter.swift */ = {isa = PBXFileReference; fileEncoding = 4; lastKnownFileType = sourcecode.swift; path = MainPresenter.swift; sourceTree = "<group>"; };
		082E5E0E2A7D7F3200CF1776 /* MainRouterInput.swift */ = {isa = PBXFileReference; fileEncoding = 4; lastKnownFileType = sourcecode.swift; path = MainRouterInput.swift; sourceTree = "<group>"; };
		082E5E0F2A7D7F3200CF1776 /* MainRouter.swift */ = {isa = PBXFileReference; fileEncoding = 4; lastKnownFileType = sourcecode.swift; path = MainRouter.swift; sourceTree = "<group>"; };
		082E5E112A7D7F3200CF1776 /* MainAssembly.swift */ = {isa = PBXFileReference; fileEncoding = 4; lastKnownFileType = sourcecode.swift; path = MainAssembly.swift; sourceTree = "<group>"; };
		082E5E132A7D7F3200CF1776 /* MainInteractor.swift */ = {isa = PBXFileReference; fileEncoding = 4; lastKnownFileType = sourcecode.swift; path = MainInteractor.swift; sourceTree = "<group>"; };
		082E5E142A7D7F3200CF1776 /* MainInteractorInput.swift */ = {isa = PBXFileReference; fileEncoding = 4; lastKnownFileType = sourcecode.swift; path = MainInteractorInput.swift; sourceTree = "<group>"; };
		082E5E192A7D7F3200CF1776 /* MainViewControllerInput.swift */ = {isa = PBXFileReference; fileEncoding = 4; lastKnownFileType = sourcecode.swift; path = MainViewControllerInput.swift; sourceTree = "<group>"; };
		082E5E1A2A7D7F3200CF1776 /* MainViewController.swift */ = {isa = PBXFileReference; fileEncoding = 4; lastKnownFileType = sourcecode.swift; path = MainViewController.swift; sourceTree = "<group>"; };
		082E5E272A7D81BF00CF1776 /* BaseViewController.swift */ = {isa = PBXFileReference; lastKnownFileType = sourcecode.swift; path = BaseViewController.swift; sourceTree = "<group>"; };
		082E5E2A2A7D842500CF1776 /* EditorRouterInput.swift */ = {isa = PBXFileReference; fileEncoding = 4; lastKnownFileType = sourcecode.swift; path = EditorRouterInput.swift; sourceTree = "<group>"; };
		082E5E2B2A7D842500CF1776 /* EditorRouter.swift */ = {isa = PBXFileReference; fileEncoding = 4; lastKnownFileType = sourcecode.swift; path = EditorRouter.swift; sourceTree = "<group>"; };
		082E5E2D2A7D842500CF1776 /* EditorAssembly.swift */ = {isa = PBXFileReference; fileEncoding = 4; lastKnownFileType = sourcecode.swift; path = EditorAssembly.swift; sourceTree = "<group>"; };
		082E5E2F2A7D842500CF1776 /* EditorViewControllerInput.swift */ = {isa = PBXFileReference; fileEncoding = 4; lastKnownFileType = sourcecode.swift; path = EditorViewControllerInput.swift; sourceTree = "<group>"; };
		082E5E302A7D842500CF1776 /* EditorViewController.swift */ = {isa = PBXFileReference; fileEncoding = 4; lastKnownFileType = sourcecode.swift; path = EditorViewController.swift; sourceTree = "<group>"; };
		082E5E322A7D842500CF1776 /* EditorPresenter.swift */ = {isa = PBXFileReference; fileEncoding = 4; lastKnownFileType = sourcecode.swift; path = EditorPresenter.swift; sourceTree = "<group>"; };
		082E5E332A7D842500CF1776 /* EditorPresenterInput.swift */ = {isa = PBXFileReference; fileEncoding = 4; lastKnownFileType = sourcecode.swift; path = EditorPresenterInput.swift; sourceTree = "<group>"; };
		082E5E352A7D842500CF1776 /* EditorInteractor.swift */ = {isa = PBXFileReference; fileEncoding = 4; lastKnownFileType = sourcecode.swift; path = EditorInteractor.swift; sourceTree = "<group>"; };
		082E5E362A7D842500CF1776 /* EditorInteractorInput.swift */ = {isa = PBXFileReference; fileEncoding = 4; lastKnownFileType = sourcecode.swift; path = EditorInteractorInput.swift; sourceTree = "<group>"; };
		082E5E412A7D842B00CF1776 /* PaywallPresenter.swift */ = {isa = PBXFileReference; fileEncoding = 4; lastKnownFileType = sourcecode.swift; path = PaywallPresenter.swift; sourceTree = "<group>"; };
		082E5E422A7D842B00CF1776 /* PaywallPresenterInput.swift */ = {isa = PBXFileReference; fileEncoding = 4; lastKnownFileType = sourcecode.swift; path = PaywallPresenterInput.swift; sourceTree = "<group>"; };
		082E5E442A7D842B00CF1776 /* PaywallAssembly.swift */ = {isa = PBXFileReference; fileEncoding = 4; lastKnownFileType = sourcecode.swift; path = PaywallAssembly.swift; sourceTree = "<group>"; };
		082E5E462A7D842B00CF1776 /* PaywallInteractor.swift */ = {isa = PBXFileReference; fileEncoding = 4; lastKnownFileType = sourcecode.swift; path = PaywallInteractor.swift; sourceTree = "<group>"; };
		082E5E472A7D842B00CF1776 /* PaywallInteractorInput.swift */ = {isa = PBXFileReference; fileEncoding = 4; lastKnownFileType = sourcecode.swift; path = PaywallInteractorInput.swift; sourceTree = "<group>"; };
		082E5E492A7D842B00CF1776 /* PaywallViewControllerInput.swift */ = {isa = PBXFileReference; fileEncoding = 4; lastKnownFileType = sourcecode.swift; path = PaywallViewControllerInput.swift; sourceTree = "<group>"; };
		082E5E4A2A7D842B00CF1776 /* PaywallViewController.swift */ = {isa = PBXFileReference; fileEncoding = 4; lastKnownFileType = sourcecode.swift; path = PaywallViewController.swift; sourceTree = "<group>"; };
		082E5E4C2A7D842B00CF1776 /* PaywallRouterInput.swift */ = {isa = PBXFileReference; fileEncoding = 4; lastKnownFileType = sourcecode.swift; path = PaywallRouterInput.swift; sourceTree = "<group>"; };
		082E5E4D2A7D842B00CF1776 /* PaywallRouter.swift */ = {isa = PBXFileReference; fileEncoding = 4; lastKnownFileType = sourcecode.swift; path = PaywallRouter.swift; sourceTree = "<group>"; };
		082E5E592A7D851900CF1776 /* TemplateRouterInput.swift */ = {isa = PBXFileReference; fileEncoding = 4; lastKnownFileType = sourcecode.swift; path = TemplateRouterInput.swift; sourceTree = "<group>"; };
		082E5E5A2A7D851900CF1776 /* TemplateRouter.swift */ = {isa = PBXFileReference; fileEncoding = 4; lastKnownFileType = sourcecode.swift; path = TemplateRouter.swift; sourceTree = "<group>"; };
		082E5E5C2A7D851900CF1776 /* TemplateInteractor.swift */ = {isa = PBXFileReference; fileEncoding = 4; lastKnownFileType = sourcecode.swift; path = TemplateInteractor.swift; sourceTree = "<group>"; };
		082E5E5D2A7D851900CF1776 /* TemplateInteractorInput.swift */ = {isa = PBXFileReference; fileEncoding = 4; lastKnownFileType = sourcecode.swift; path = TemplateInteractorInput.swift; sourceTree = "<group>"; };
		082E5E5F2A7D851900CF1776 /* TemplateViewControllerInput.swift */ = {isa = PBXFileReference; fileEncoding = 4; lastKnownFileType = sourcecode.swift; path = TemplateViewControllerInput.swift; sourceTree = "<group>"; };
		082E5E602A7D851900CF1776 /* TemplateViewController.swift */ = {isa = PBXFileReference; fileEncoding = 4; lastKnownFileType = sourcecode.swift; path = TemplateViewController.swift; sourceTree = "<group>"; };
		082E5E622A7D851900CF1776 /* TemplateAssembly.swift */ = {isa = PBXFileReference; fileEncoding = 4; lastKnownFileType = sourcecode.swift; path = TemplateAssembly.swift; sourceTree = "<group>"; };
		082E5E642A7D851900CF1776 /* TemplatePresenterInput.swift */ = {isa = PBXFileReference; fileEncoding = 4; lastKnownFileType = sourcecode.swift; path = TemplatePresenterInput.swift; sourceTree = "<group>"; };
		082E5E652A7D851900CF1776 /* TemplatePresenter.swift */ = {isa = PBXFileReference; fileEncoding = 4; lastKnownFileType = sourcecode.swift; path = TemplatePresenter.swift; sourceTree = "<group>"; };
		082E5E712A7EB73200CF1776 /* MainCollectionManager.swift */ = {isa = PBXFileReference; lastKnownFileType = sourcecode.swift; path = MainCollectionManager.swift; sourceTree = "<group>"; };
		082E5E762A7EB8F100CF1776 /* SquareModel.swift */ = {isa = PBXFileReference; lastKnownFileType = sourcecode.swift; path = SquareModel.swift; sourceTree = "<group>"; };
		082E5E782A7EB93F00CF1776 /* AddCollectionViewCell.swift */ = {isa = PBXFileReference; lastKnownFileType = sourcecode.swift; path = AddCollectionViewCell.swift; sourceTree = "<group>"; };
		082E5E7A2A7EB94D00CF1776 /* PaywallCollectionViewCell.swift */ = {isa = PBXFileReference; lastKnownFileType = sourcecode.swift; path = PaywallCollectionViewCell.swift; sourceTree = "<group>"; };
		082E5E7C2A7EB97D00CF1776 /* TemplateCollectionViewCell.swift */ = {isa = PBXFileReference; lastKnownFileType = sourcecode.swift; path = TemplateCollectionViewCell.swift; sourceTree = "<group>"; };
		082E5E7E2A7EBACB00CF1776 /* MainViewModel.swift */ = {isa = PBXFileReference; lastKnownFileType = sourcecode.swift; path = MainViewModel.swift; sourceTree = "<group>"; };
		082E5E812A7ED7D200CF1776 /* UIImage+Extension.swift */ = {isa = PBXFileReference; lastKnownFileType = sourcecode.swift; path = "UIImage+Extension.swift"; sourceTree = "<group>"; };
		08C952B32A7D5628009D501C /* FashionApp.app */ = {isa = PBXFileReference; explicitFileType = wrapper.application; includeInIndex = 0; path = FashionApp.app; sourceTree = BUILT_PRODUCTS_DIR; };
		08C952B62A7D5628009D501C /* AppDelegate.swift */ = {isa = PBXFileReference; lastKnownFileType = sourcecode.swift; path = AppDelegate.swift; sourceTree = "<group>"; };
		08C952B82A7D5628009D501C /* SceneDelegate.swift */ = {isa = PBXFileReference; lastKnownFileType = sourcecode.swift; path = SceneDelegate.swift; sourceTree = "<group>"; };
		08C952BF2A7D562A009D501C /* Assets.xcassets */ = {isa = PBXFileReference; lastKnownFileType = folder.assetcatalog; path = Assets.xcassets; sourceTree = "<group>"; };
		08C952C22A7D562A009D501C /* Base */ = {isa = PBXFileReference; lastKnownFileType = file.storyboard; name = Base; path = Base.lproj/LaunchScreen.storyboard; sourceTree = "<group>"; };
		08C952C42A7D562A009D501C /* Info.plist */ = {isa = PBXFileReference; lastKnownFileType = text.plist.xml; path = Info.plist; sourceTree = "<group>"; };
		08C952D12A7D5843009D501C /* KMDrawViewSDK.framework */ = {isa = PBXFileReference; lastKnownFileType = wrapper.framework; path = KMDrawViewSDK.framework; sourceTree = "<group>"; };
		554F30982A814A500077114D /* IphoneCollectionViewLayout.swift */ = {isa = PBXFileReference; lastKnownFileType = sourcecode.swift; path = IphoneCollectionViewLayout.swift; sourceTree = "<group>"; };
		554F309A2A814B300077114D /* IpadCollectionViewLayout.swift */ = {isa = PBXFileReference; lastKnownFileType = sourcecode.swift; path = IpadCollectionViewLayout.swift; sourceTree = "<group>"; };
		554F309D2A818C850077114D /* MenuView.swift */ = {isa = PBXFileReference; lastKnownFileType = sourcecode.swift; path = MenuView.swift; sourceTree = "<group>"; };
		554F309F2A818FAA0077114D /* PriceView.swift */ = {isa = PBXFileReference; lastKnownFileType = sourcecode.swift; path = PriceView.swift; sourceTree = "<group>"; };
		554F30A12A81A6CE0077114D /* CustomLineView.swift */ = {isa = PBXFileReference; lastKnownFileType = sourcecode.swift; path = CustomLineView.swift; sourceTree = "<group>"; };
		554F30A52A81B85C0077114D /* TrialView.swift */ = {isa = PBXFileReference; lastKnownFileType = sourcecode.swift; path = TrialView.swift; sourceTree = "<group>"; };
		55A243232A82813400288046 /* WeeklyView.swift */ = {isa = PBXFileReference; lastKnownFileType = sourcecode.swift; path = WeeklyView.swift; sourceTree = "<group>"; };
		55A243252A82834F00288046 /* File.swift */ = {isa = PBXFileReference; lastKnownFileType = sourcecode.swift; path = File.swift; sourceTree = "<group>"; };
		55FEB5A72A826F9400D82B25 /* SelectPlanView.swift */ = {isa = PBXFileReference; lastKnownFileType = sourcecode.swift; path = SelectPlanView.swift; sourceTree = "<group>"; };
/* End PBXFileReference section */

/* Begin PBXFrameworksBuildPhase section */
		08C952B02A7D5628009D501C /* Frameworks */ = {
			isa = PBXFrameworksBuildPhase;
			buildActionMask = 2147483647;
			files = (
				558D83072A7D677C003EC291 /* RealmSwift in Frameworks */,
				558D83052A7D677C003EC291 /* Realm in Frameworks */,
				08C952D22A7D5843009D501C /* KMDrawViewSDK.framework in Frameworks */,
				55CA4B7D2A7EAEE800B43191 /* FrameBuilder in Frameworks */,
				558D83022A7D660A003EC291 /* SnapKit in Frameworks */,
			);
			runOnlyForDeploymentPostprocessing = 0;
		};
/* End PBXFrameworksBuildPhase section */

/* Begin PBXGroup section */
		082E5E082A7D7E9F00CF1776 /* Editor */ = {
			isa = PBXGroup;
			children = (
				082E5E2C2A7D842500CF1776 /* Assembly */,
				082E5E342A7D842500CF1776 /* Interactor */,
				082E5E312A7D842500CF1776 /* Presenter */,
				082E5E292A7D842500CF1776 /* Router */,
				082E5E2E2A7D842500CF1776 /* View */,
			);
			path = Editor;
			sourceTree = "<group>";
		};
		082E5E092A7D7EA900CF1776 /* Paywall */ = {
			isa = PBXGroup;
			children = (
				082E5E432A7D842B00CF1776 /* Assembly */,
				082E5E452A7D842B00CF1776 /* Interactor */,
				082E5E402A7D842B00CF1776 /* Presenter */,
				082E5E4B2A7D842B00CF1776 /* Router */,
				082E5E482A7D842B00CF1776 /* View */,
			);
			path = Paywall;
			sourceTree = "<group>";
		};
		082E5E0A2A7D7F3200CF1776 /* Presenter */ = {
			isa = PBXGroup;
			children = (
				082E5E0B2A7D7F3200CF1776 /* MainPresenterInput.swift */,
				082E5E0C2A7D7F3200CF1776 /* MainPresenter.swift */,
			);
			path = Presenter;
			sourceTree = "<group>";
		};
		082E5E0D2A7D7F3200CF1776 /* Router */ = {
			isa = PBXGroup;
			children = (
				082E5E0E2A7D7F3200CF1776 /* MainRouterInput.swift */,
				082E5E0F2A7D7F3200CF1776 /* MainRouter.swift */,
			);
			path = Router;
			sourceTree = "<group>";
		};
		082E5E102A7D7F3200CF1776 /* Assembly */ = {
			isa = PBXGroup;
			children = (
				082E5E112A7D7F3200CF1776 /* MainAssembly.swift */,
			);
			path = Assembly;
			sourceTree = "<group>";
		};
		082E5E122A7D7F3200CF1776 /* Interactor */ = {
			isa = PBXGroup;
			children = (
				082E5E132A7D7F3200CF1776 /* MainInteractor.swift */,
				082E5E142A7D7F3200CF1776 /* MainInteractorInput.swift */,
			);
			path = Interactor;
			sourceTree = "<group>";
		};
		082E5E182A7D7F3200CF1776 /* View */ = {
			isa = PBXGroup;
			children = (
				082E5E192A7D7F3200CF1776 /* MainViewControllerInput.swift */,
				082E5E1A2A7D7F3200CF1776 /* MainViewController.swift */,
			);
			path = View;
			sourceTree = "<group>";
		};
		082E5E262A7D81B000CF1776 /* Base */ = {
			isa = PBXGroup;
			children = (
				082E5E272A7D81BF00CF1776 /* BaseViewController.swift */,
			);
			path = Base;
			sourceTree = "<group>";
		};
		082E5E292A7D842500CF1776 /* Router */ = {
			isa = PBXGroup;
			children = (
				082E5E2A2A7D842500CF1776 /* EditorRouterInput.swift */,
				082E5E2B2A7D842500CF1776 /* EditorRouter.swift */,
			);
			path = Router;
			sourceTree = "<group>";
		};
		082E5E2C2A7D842500CF1776 /* Assembly */ = {
			isa = PBXGroup;
			children = (
				082E5E2D2A7D842500CF1776 /* EditorAssembly.swift */,
			);
			path = Assembly;
			sourceTree = "<group>";
		};
		082E5E2E2A7D842500CF1776 /* View */ = {
			isa = PBXGroup;
			children = (
				082E5E2F2A7D842500CF1776 /* EditorViewControllerInput.swift */,
				082E5E302A7D842500CF1776 /* EditorViewController.swift */,
			);
			path = View;
			sourceTree = "<group>";
		};
		082E5E312A7D842500CF1776 /* Presenter */ = {
			isa = PBXGroup;
			children = (
				082E5E322A7D842500CF1776 /* EditorPresenter.swift */,
				082E5E332A7D842500CF1776 /* EditorPresenterInput.swift */,
			);
			path = Presenter;
			sourceTree = "<group>";
		};
		082E5E342A7D842500CF1776 /* Interactor */ = {
			isa = PBXGroup;
			children = (
				082E5E352A7D842500CF1776 /* EditorInteractor.swift */,
				082E5E362A7D842500CF1776 /* EditorInteractorInput.swift */,
			);
			path = Interactor;
			sourceTree = "<group>";
		};
		082E5E402A7D842B00CF1776 /* Presenter */ = {
			isa = PBXGroup;
			children = (
				082E5E412A7D842B00CF1776 /* PaywallPresenter.swift */,
				082E5E422A7D842B00CF1776 /* PaywallPresenterInput.swift */,
			);
			path = Presenter;
			sourceTree = "<group>";
		};
		082E5E432A7D842B00CF1776 /* Assembly */ = {
			isa = PBXGroup;
			children = (
				082E5E442A7D842B00CF1776 /* PaywallAssembly.swift */,
			);
			path = Assembly;
			sourceTree = "<group>";
		};
		082E5E452A7D842B00CF1776 /* Interactor */ = {
			isa = PBXGroup;
			children = (
				082E5E462A7D842B00CF1776 /* PaywallInteractor.swift */,
				082E5E472A7D842B00CF1776 /* PaywallInteractorInput.swift */,
			);
			path = Interactor;
			sourceTree = "<group>";
		};
		082E5E482A7D842B00CF1776 /* View */ = {
			isa = PBXGroup;
			children = (
				082E5E4A2A7D842B00CF1776 /* PaywallViewController.swift */,
				082E5E492A7D842B00CF1776 /* PaywallViewControllerInput.swift */,
				554F309C2A818C7D0077114D /* Views */,
			);
			path = View;
			sourceTree = "<group>";
		};
		082E5E4B2A7D842B00CF1776 /* Router */ = {
			isa = PBXGroup;
			children = (
				082E5E4C2A7D842B00CF1776 /* PaywallRouterInput.swift */,
				082E5E4D2A7D842B00CF1776 /* PaywallRouter.swift */,
			);
			path = Router;
			sourceTree = "<group>";
		};
		082E5E572A7D84F800CF1776 /* Template */ = {
			isa = PBXGroup;
			children = (
				082E5E612A7D851900CF1776 /* Assembly */,
				082E5E5B2A7D851900CF1776 /* Interactor */,
				082E5E632A7D851900CF1776 /* Presenter */,
				082E5E582A7D851900CF1776 /* Router */,
				082E5E5E2A7D851900CF1776 /* View */,
			);
			path = Template;
			sourceTree = "<group>";
		};
		082E5E582A7D851900CF1776 /* Router */ = {
			isa = PBXGroup;
			children = (
				082E5E592A7D851900CF1776 /* TemplateRouterInput.swift */,
				082E5E5A2A7D851900CF1776 /* TemplateRouter.swift */,
			);
			path = Router;
			sourceTree = "<group>";
		};
		082E5E5B2A7D851900CF1776 /* Interactor */ = {
			isa = PBXGroup;
			children = (
				082E5E5C2A7D851900CF1776 /* TemplateInteractor.swift */,
				082E5E5D2A7D851900CF1776 /* TemplateInteractorInput.swift */,
			);
			path = Interactor;
			sourceTree = "<group>";
		};
		082E5E5E2A7D851900CF1776 /* View */ = {
			isa = PBXGroup;
			children = (
				082E5E5F2A7D851900CF1776 /* TemplateViewControllerInput.swift */,
				082E5E602A7D851900CF1776 /* TemplateViewController.swift */,
			);
			path = View;
			sourceTree = "<group>";
		};
		082E5E612A7D851900CF1776 /* Assembly */ = {
			isa = PBXGroup;
			children = (
				082E5E622A7D851900CF1776 /* TemplateAssembly.swift */,
			);
			path = Assembly;
			sourceTree = "<group>";
		};
		082E5E632A7D851900CF1776 /* Presenter */ = {
			isa = PBXGroup;
			children = (
				082E5E642A7D851900CF1776 /* TemplatePresenterInput.swift */,
				082E5E652A7D851900CF1776 /* TemplatePresenter.swift */,
			);
			path = Presenter;
			sourceTree = "<group>";
		};
		082E5E702A7EB70E00CF1776 /* CollectionManager */ = {
			isa = PBXGroup;
			children = (
				082E5E712A7EB73200CF1776 /* MainCollectionManager.swift */,
				554F30982A814A500077114D /* IphoneCollectionViewLayout.swift */,
				554F309A2A814B300077114D /* IpadCollectionViewLayout.swift */,
			);
			path = CollectionManager;
			sourceTree = "<group>";
		};
		082E5E732A7EB7C100CF1776 /* Helper */ = {
			isa = PBXGroup;
			children = (
				082E5E802A7ED7C300CF1776 /* Extension */,
				082E5E752A7EB8A200CF1776 /* Model */,
				082E5E742A7EB7D000CF1776 /* Cells */,
			);
			path = Helper;
			sourceTree = "<group>";
		};
		082E5E742A7EB7D000CF1776 /* Cells */ = {
			isa = PBXGroup;
			children = (
				082E5E782A7EB93F00CF1776 /* AddCollectionViewCell.swift */,
				082E5E7A2A7EB94D00CF1776 /* PaywallCollectionViewCell.swift */,
				082E5E7C2A7EB97D00CF1776 /* TemplateCollectionViewCell.swift */,
			);
			path = Cells;
			sourceTree = "<group>";
		};
		082E5E752A7EB8A200CF1776 /* Model */ = {
			isa = PBXGroup;
			children = (
				082E5E762A7EB8F100CF1776 /* SquareModel.swift */,
				082E5E7E2A7EBACB00CF1776 /* MainViewModel.swift */,
			);
			path = Model;
			sourceTree = "<group>";
		};
		082E5E802A7ED7C300CF1776 /* Extension */ = {
			isa = PBXGroup;
			children = (
				082E5E812A7ED7D200CF1776 /* UIImage+Extension.swift */,
			);
			path = Extension;
			sourceTree = "<group>";
		};
		08C952AA2A7D5628009D501C = {
			isa = PBXGroup;
			children = (
				08C952B52A7D5628009D501C /* FashionApp */,
				08C952B42A7D5628009D501C /* Products */,
				08C952CC2A7D574C009D501C /* Frameworks */,
			);
			sourceTree = "<group>";
		};
		08C952B42A7D5628009D501C /* Products */ = {
			isa = PBXGroup;
			children = (
				08C952B32A7D5628009D501C /* FashionApp.app */,
			);
			name = Products;
			sourceTree = "<group>";
		};
		08C952B52A7D5628009D501C /* FashionApp */ = {
			isa = PBXGroup;
			children = (
				558D82FC2A7D63BA003EC291 /* Modules */,
				558D82FA2A7D6394003EC291 /* Resource */,
				558D82F82A7D6350003EC291 /* Supporting Files */,
				08C952C42A7D562A009D501C /* Info.plist */,
			);
			path = FashionApp;
			sourceTree = "<group>";
		};
		08C952CC2A7D574C009D501C /* Frameworks */ = {
			isa = PBXGroup;
			children = (
				08C952D12A7D5843009D501C /* KMDrawViewSDK.framework */,
			);
			name = Frameworks;
			sourceTree = "<group>";
		};
		554F309C2A818C7D0077114D /* Views */ = {
			isa = PBXGroup;
			children = (
				55A243222A82811900288046 /* SelectPlan */,
				554F309D2A818C850077114D /* MenuView.swift */,
				554F309F2A818FAA0077114D /* PriceView.swift */,
				554F30A12A81A6CE0077114D /* CustomLineView.swift */,
				554F30A52A81B85C0077114D /* TrialView.swift */,
			);
			path = Views;
			sourceTree = "<group>";
		};
		558D82F82A7D6350003EC291 /* Supporting Files */ = {
			isa = PBXGroup;
			children = (
				08C952B82A7D5628009D501C /* SceneDelegate.swift */,
				08C952B62A7D5628009D501C /* AppDelegate.swift */,
				08C952C12A7D562A009D501C /* LaunchScreen.storyboard */,
			);
			path = "Supporting Files";
			sourceTree = "<group>";
		};
		558D82FA2A7D6394003EC291 /* Resource */ = {
			isa = PBXGroup;
			children = (
				08C952BF2A7D562A009D501C /* Assets.xcassets */,
			);
			path = Resource;
			sourceTree = "<group>";
		};
		558D82FC2A7D63BA003EC291 /* Modules */ = {
			isa = PBXGroup;
			children = (
				082E5E732A7EB7C100CF1776 /* Helper */,
				082E5E572A7D84F800CF1776 /* Template */,
				082E5E262A7D81B000CF1776 /* Base */,
				082E5E092A7D7EA900CF1776 /* Paywall */,
				082E5E082A7D7E9F00CF1776 /* Editor */,
				558D82FE2A7D63F3003EC291 /* Main */,
			);
			path = Modules;
			sourceTree = "<group>";
		};
		558D82FE2A7D63F3003EC291 /* Main */ = {
			isa = PBXGroup;
			children = (
				082E5E702A7EB70E00CF1776 /* CollectionManager */,
				082E5E102A7D7F3200CF1776 /* Assembly */,
				082E5E122A7D7F3200CF1776 /* Interactor */,
				082E5E0A2A7D7F3200CF1776 /* Presenter */,
				082E5E0D2A7D7F3200CF1776 /* Router */,
				082E5E182A7D7F3200CF1776 /* View */,
			);
			path = Main;
			sourceTree = "<group>";
		};
		55A243222A82811900288046 /* SelectPlan */ = {
			isa = PBXGroup;
			children = (
				55FEB5A72A826F9400D82B25 /* SelectPlanView.swift */,
				55A243232A82813400288046 /* WeeklyView.swift */,
				55A243252A82834F00288046 /* File.swift */,
			);
			path = SelectPlan;
			sourceTree = "<group>";
		};
/* End PBXGroup section */

/* Begin PBXNativeTarget section */
		08C952B22A7D5628009D501C /* FashionApp */ = {
			isa = PBXNativeTarget;
			buildConfigurationList = 08C952C72A7D562A009D501C /* Build configuration list for PBXNativeTarget "FashionApp" */;
			buildPhases = (
				08C952AF2A7D5628009D501C /* Sources */,
				08C952B02A7D5628009D501C /* Frameworks */,
				08C952B12A7D5628009D501C /* Resources */,
				08C952D02A7D574D009D501C /* Embed Frameworks */,
			);
			buildRules = (
			);
			dependencies = (
			);
			name = FashionApp;
			packageProductDependencies = (
				558D83012A7D660A003EC291 /* SnapKit */,
				558D83042A7D677C003EC291 /* Realm */,
				558D83062A7D677C003EC291 /* RealmSwift */,
				55CA4B7C2A7EAEE800B43191 /* FrameBuilder */,
			);
			productName = FashionApp;
			productReference = 08C952B32A7D5628009D501C /* FashionApp.app */;
			productType = "com.apple.product-type.application";
		};
/* End PBXNativeTarget section */

/* Begin PBXProject section */
		08C952AB2A7D5628009D501C /* Project object */ = {
			isa = PBXProject;
			attributes = {
				BuildIndependentTargetsInParallel = 1;
				LastSwiftUpdateCheck = 1430;
				LastUpgradeCheck = 1430;
				TargetAttributes = {
					08C952B22A7D5628009D501C = {
						CreatedOnToolsVersion = 14.3;
					};
				};
			};
			buildConfigurationList = 08C952AE2A7D5628009D501C /* Build configuration list for PBXProject "FashionApp" */;
			compatibilityVersion = "Xcode 14.0";
			developmentRegion = en;
			hasScannedForEncodings = 0;
			knownRegions = (
				en,
				Base,
			);
			mainGroup = 08C952AA2A7D5628009D501C;
			packageReferences = (
				558D83002A7D660A003EC291 /* XCRemoteSwiftPackageReference "SnapKit" */,
				558D83032A7D677C003EC291 /* XCRemoteSwiftPackageReference "realm-swift" */,
				55CA4B7B2A7EAEE800B43191 /* XCRemoteSwiftPackageReference "FrameBuilder" */,
			);
			productRefGroup = 08C952B42A7D5628009D501C /* Products */;
			projectDirPath = "";
			projectRoot = "";
			targets = (
				08C952B22A7D5628009D501C /* FashionApp */,
			);
		};
/* End PBXProject section */

/* Begin PBXResourcesBuildPhase section */
		08C952B12A7D5628009D501C /* Resources */ = {
			isa = PBXResourcesBuildPhase;
			buildActionMask = 2147483647;
			files = (
				08C952C32A7D562A009D501C /* LaunchScreen.storyboard in Resources */,
				08C952C02A7D562A009D501C /* Assets.xcassets in Resources */,
			);
			runOnlyForDeploymentPostprocessing = 0;
		};
/* End PBXResourcesBuildPhase section */

/* Begin PBXSourcesBuildPhase section */
		08C952AF2A7D5628009D501C /* Sources */ = {
			isa = PBXSourcesBuildPhase;
			buildActionMask = 2147483647;
			files = (
				082E5E792A7EB93F00CF1776 /* AddCollectionViewCell.swift in Sources */,
				082E5E252A7D7F3200CF1776 /* MainViewController.swift in Sources */,
				082E5E382A7D842500CF1776 /* EditorRouter.swift in Sources */,
				082E5E212A7D7F3200CF1776 /* MainInteractorInput.swift in Sources */,
				554F30A02A818FAA0077114D /* PriceView.swift in Sources */,
				082E5E3F2A7D842500CF1776 /* EditorInteractorInput.swift in Sources */,
				082E5E6D2A7D851900CF1776 /* TemplatePresenterInput.swift in Sources */,
				082E5E3E2A7D842500CF1776 /* EditorInteractor.swift in Sources */,
				554F309E2A818C850077114D /* MenuView.swift in Sources */,
				082E5E562A7D842B00CF1776 /* PaywallRouter.swift in Sources */,
				55FEB5A82A826F9400D82B25 /* SelectPlanView.swift in Sources */,
				554F30A22A81A6CE0077114D /* CustomLineView.swift in Sources */,
				082E5E662A7D851900CF1776 /* TemplateRouterInput.swift in Sources */,
				082E5E822A7ED7D200CF1776 /* UIImage+Extension.swift in Sources */,
				554F30A62A81B85C0077114D /* TrialView.swift in Sources */,
				082E5E202A7D7F3200CF1776 /* MainInteractor.swift in Sources */,
				082E5E1F2A7D7F3200CF1776 /* MainAssembly.swift in Sources */,
				554F309B2A814B300077114D /* IpadCollectionViewLayout.swift in Sources */,
				082E5E542A7D842B00CF1776 /* PaywallViewController.swift in Sources */,
				082E5E7D2A7EB97D00CF1776 /* TemplateCollectionViewCell.swift in Sources */,
				55A243262A82834F00288046 /* File.swift in Sources */,
				08C952B72A7D5628009D501C /* AppDelegate.swift in Sources */,
				082E5E772A7EB8F100CF1776 /* SquareModel.swift in Sources */,
				082E5E512A7D842B00CF1776 /* PaywallInteractor.swift in Sources */,
				082E5E282A7D81BF00CF1776 /* BaseViewController.swift in Sources */,
				082E5E6E2A7D851900CF1776 /* TemplatePresenter.swift in Sources */,
				082E5E3B2A7D842500CF1776 /* EditorViewController.swift in Sources */,
				082E5E502A7D842B00CF1776 /* PaywallAssembly.swift in Sources */,
				08C952B92A7D5628009D501C /* SceneDelegate.swift in Sources */,
				082E5E1E2A7D7F3200CF1776 /* MainRouter.swift in Sources */,
				082E5E3D2A7D842500CF1776 /* EditorPresenterInput.swift in Sources */,
				082E5E1C2A7D7F3200CF1776 /* MainPresenter.swift in Sources */,
				082E5E7B2A7EB94D00CF1776 /* PaywallCollectionViewCell.swift in Sources */,
				082E5E6B2A7D851900CF1776 /* TemplateViewController.swift in Sources */,
				082E5E522A7D842B00CF1776 /* PaywallInteractorInput.swift in Sources */,
				082E5E4F2A7D842B00CF1776 /* PaywallPresenterInput.swift in Sources */,
				082E5E672A7D851900CF1776 /* TemplateRouter.swift in Sources */,
				082E5E392A7D842500CF1776 /* EditorAssembly.swift in Sources */,
				082E5E722A7EB73200CF1776 /* MainCollectionManager.swift in Sources */,
				082E5E1B2A7D7F3200CF1776 /* MainPresenterInput.swift in Sources */,
				082E5E682A7D851900CF1776 /* TemplateInteractor.swift in Sources */,
				082E5E3C2A7D842500CF1776 /* EditorPresenter.swift in Sources */,
				082E5E692A7D851900CF1776 /* TemplateInteractorInput.swift in Sources */,
				082E5E7F2A7EBACB00CF1776 /* MainViewModel.swift in Sources */,
				082E5E3A2A7D842500CF1776 /* EditorViewControllerInput.swift in Sources */,
				082E5E242A7D7F3200CF1776 /* MainViewControllerInput.swift in Sources */,
				082E5E4E2A7D842B00CF1776 /* PaywallPresenter.swift in Sources */,
				082E5E6A2A7D851900CF1776 /* TemplateViewControllerInput.swift in Sources */,
				082E5E6C2A7D851900CF1776 /* TemplateAssembly.swift in Sources */,
				082E5E552A7D842B00CF1776 /* PaywallRouterInput.swift in Sources */,
				082E5E1D2A7D7F3200CF1776 /* MainRouterInput.swift in Sources */,
				082E5E372A7D842500CF1776 /* EditorRouterInput.swift in Sources */,
				082E5E532A7D842B00CF1776 /* PaywallViewControllerInput.swift in Sources */,
				554F30992A814A500077114D /* IphoneCollectionViewLayout.swift in Sources */,
				55A243242A82813400288046 /* WeeklyView.swift in Sources */,
			);
			runOnlyForDeploymentPostprocessing = 0;
		};
/* End PBXSourcesBuildPhase section */

/* Begin PBXVariantGroup section */
		08C952C12A7D562A009D501C /* LaunchScreen.storyboard */ = {
			isa = PBXVariantGroup;
			children = (
				08C952C22A7D562A009D501C /* Base */,
			);
			name = LaunchScreen.storyboard;
			sourceTree = "<group>";
		};
/* End PBXVariantGroup section */

/* Begin XCBuildConfiguration section */
		08C952C52A7D562A009D501C /* Debug */ = {
			isa = XCBuildConfiguration;
			buildSettings = {
				ALWAYS_SEARCH_USER_PATHS = NO;
				CLANG_ANALYZER_NONNULL = YES;
				CLANG_ANALYZER_NUMBER_OBJECT_CONVERSION = YES_AGGRESSIVE;
				CLANG_CXX_LANGUAGE_STANDARD = "gnu++20";
				CLANG_ENABLE_MODULES = YES;
				CLANG_ENABLE_OBJC_ARC = YES;
				CLANG_ENABLE_OBJC_WEAK = YES;
				CLANG_WARN_BLOCK_CAPTURE_AUTORELEASING = YES;
				CLANG_WARN_BOOL_CONVERSION = YES;
				CLANG_WARN_COMMA = YES;
				CLANG_WARN_CONSTANT_CONVERSION = YES;
				CLANG_WARN_DEPRECATED_OBJC_IMPLEMENTATIONS = YES;
				CLANG_WARN_DIRECT_OBJC_ISA_USAGE = YES_ERROR;
				CLANG_WARN_DOCUMENTATION_COMMENTS = YES;
				CLANG_WARN_EMPTY_BODY = YES;
				CLANG_WARN_ENUM_CONVERSION = YES;
				CLANG_WARN_INFINITE_RECURSION = YES;
				CLANG_WARN_INT_CONVERSION = YES;
				CLANG_WARN_NON_LITERAL_NULL_CONVERSION = YES;
				CLANG_WARN_OBJC_IMPLICIT_RETAIN_SELF = YES;
				CLANG_WARN_OBJC_LITERAL_CONVERSION = YES;
				CLANG_WARN_OBJC_ROOT_CLASS = YES_ERROR;
				CLANG_WARN_QUOTED_INCLUDE_IN_FRAMEWORK_HEADER = YES;
				CLANG_WARN_RANGE_LOOP_ANALYSIS = YES;
				CLANG_WARN_STRICT_PROTOTYPES = YES;
				CLANG_WARN_SUSPICIOUS_MOVE = YES;
				CLANG_WARN_UNGUARDED_AVAILABILITY = YES_AGGRESSIVE;
				CLANG_WARN_UNREACHABLE_CODE = YES;
				CLANG_WARN__DUPLICATE_METHOD_MATCH = YES;
				COPY_PHASE_STRIP = NO;
				DEBUG_INFORMATION_FORMAT = dwarf;
				ENABLE_STRICT_OBJC_MSGSEND = YES;
				ENABLE_TESTABILITY = YES;
				GCC_C_LANGUAGE_STANDARD = gnu11;
				GCC_DYNAMIC_NO_PIC = NO;
				GCC_NO_COMMON_BLOCKS = YES;
				GCC_OPTIMIZATION_LEVEL = 0;
				GCC_PREPROCESSOR_DEFINITIONS = (
					"DEBUG=1",
					"$(inherited)",
				);
				GCC_WARN_64_TO_32_BIT_CONVERSION = YES;
				GCC_WARN_ABOUT_RETURN_TYPE = YES_ERROR;
				GCC_WARN_UNDECLARED_SELECTOR = YES;
				GCC_WARN_UNINITIALIZED_AUTOS = YES_AGGRESSIVE;
				GCC_WARN_UNUSED_FUNCTION = YES;
				GCC_WARN_UNUSED_VARIABLE = YES;
				IPHONEOS_DEPLOYMENT_TARGET = 16.4;
				MTL_ENABLE_DEBUG_INFO = INCLUDE_SOURCE;
				MTL_FAST_MATH = YES;
				ONLY_ACTIVE_ARCH = YES;
				SDKROOT = iphoneos;
				SWIFT_ACTIVE_COMPILATION_CONDITIONS = DEBUG;
				SWIFT_OPTIMIZATION_LEVEL = "-Onone";
			};
			name = Debug;
		};
		08C952C62A7D562A009D501C /* Release */ = {
			isa = XCBuildConfiguration;
			buildSettings = {
				ALWAYS_SEARCH_USER_PATHS = NO;
				CLANG_ANALYZER_NONNULL = YES;
				CLANG_ANALYZER_NUMBER_OBJECT_CONVERSION = YES_AGGRESSIVE;
				CLANG_CXX_LANGUAGE_STANDARD = "gnu++20";
				CLANG_ENABLE_MODULES = YES;
				CLANG_ENABLE_OBJC_ARC = YES;
				CLANG_ENABLE_OBJC_WEAK = YES;
				CLANG_WARN_BLOCK_CAPTURE_AUTORELEASING = YES;
				CLANG_WARN_BOOL_CONVERSION = YES;
				CLANG_WARN_COMMA = YES;
				CLANG_WARN_CONSTANT_CONVERSION = YES;
				CLANG_WARN_DEPRECATED_OBJC_IMPLEMENTATIONS = YES;
				CLANG_WARN_DIRECT_OBJC_ISA_USAGE = YES_ERROR;
				CLANG_WARN_DOCUMENTATION_COMMENTS = YES;
				CLANG_WARN_EMPTY_BODY = YES;
				CLANG_WARN_ENUM_CONVERSION = YES;
				CLANG_WARN_INFINITE_RECURSION = YES;
				CLANG_WARN_INT_CONVERSION = YES;
				CLANG_WARN_NON_LITERAL_NULL_CONVERSION = YES;
				CLANG_WARN_OBJC_IMPLICIT_RETAIN_SELF = YES;
				CLANG_WARN_OBJC_LITERAL_CONVERSION = YES;
				CLANG_WARN_OBJC_ROOT_CLASS = YES_ERROR;
				CLANG_WARN_QUOTED_INCLUDE_IN_FRAMEWORK_HEADER = YES;
				CLANG_WARN_RANGE_LOOP_ANALYSIS = YES;
				CLANG_WARN_STRICT_PROTOTYPES = YES;
				CLANG_WARN_SUSPICIOUS_MOVE = YES;
				CLANG_WARN_UNGUARDED_AVAILABILITY = YES_AGGRESSIVE;
				CLANG_WARN_UNREACHABLE_CODE = YES;
				CLANG_WARN__DUPLICATE_METHOD_MATCH = YES;
				COPY_PHASE_STRIP = NO;
				DEBUG_INFORMATION_FORMAT = "dwarf-with-dsym";
				ENABLE_NS_ASSERTIONS = NO;
				ENABLE_STRICT_OBJC_MSGSEND = YES;
				GCC_C_LANGUAGE_STANDARD = gnu11;
				GCC_NO_COMMON_BLOCKS = YES;
				GCC_WARN_64_TO_32_BIT_CONVERSION = YES;
				GCC_WARN_ABOUT_RETURN_TYPE = YES_ERROR;
				GCC_WARN_UNDECLARED_SELECTOR = YES;
				GCC_WARN_UNINITIALIZED_AUTOS = YES_AGGRESSIVE;
				GCC_WARN_UNUSED_FUNCTION = YES;
				GCC_WARN_UNUSED_VARIABLE = YES;
				IPHONEOS_DEPLOYMENT_TARGET = 16.4;
				MTL_ENABLE_DEBUG_INFO = NO;
				MTL_FAST_MATH = YES;
				SDKROOT = iphoneos;
				SWIFT_COMPILATION_MODE = wholemodule;
				SWIFT_OPTIMIZATION_LEVEL = "-O";
				VALIDATE_PRODUCT = YES;
			};
			name = Release;
		};
		08C952C82A7D562A009D501C /* Debug */ = {
			isa = XCBuildConfiguration;
			buildSettings = {
				ASSETCATALOG_COMPILER_APPICON_NAME = AppIcon;
				ASSETCATALOG_COMPILER_GLOBAL_ACCENT_COLOR_NAME = AccentColor;
				CODE_SIGN_STYLE = Automatic;
				CURRENT_PROJECT_VERSION = 1;
				DEVELOPMENT_TEAM = 5HDJX97Z93;
				FRAMEWORK_SEARCH_PATHS = (
					"$(inherited)",
					"$(PROJECT_DIR)/FashionApp",
					"$(PROJECT_DIR)",
				);
				GENERATE_INFOPLIST_FILE = YES;
				INFOPLIST_FILE = FashionApp/Info.plist;
				INFOPLIST_KEY_UIApplicationSupportsIndirectInputEvents = YES;
				INFOPLIST_KEY_UILaunchStoryboardName = LaunchScreen;
				INFOPLIST_KEY_UIMainStoryboardFile = "";
				INFOPLIST_KEY_UISupportedInterfaceOrientations = UIInterfaceOrientationPortrait;
				INFOPLIST_KEY_UISupportedInterfaceOrientations_iPad = "UIInterfaceOrientationLandscapeLeft UIInterfaceOrientationLandscapeRight UIInterfaceOrientationPortrait UIInterfaceOrientationPortraitUpsideDown";
				LD_RUNPATH_SEARCH_PATHS = (
					"$(inherited)",
					"@executable_path/Frameworks",
				);
				MARKETING_VERSION = 1.0;
				PRODUCT_BUNDLE_IDENTIFIER = com.esifyce.FashionApp;
				PRODUCT_NAME = "$(TARGET_NAME)";
				SWIFT_EMIT_LOC_STRINGS = YES;
				SWIFT_VERSION = 5.0;
				TARGETED_DEVICE_FAMILY = "1,2";
			};
			name = Debug;
		};
		08C952C92A7D562A009D501C /* Release */ = {
			isa = XCBuildConfiguration;
			buildSettings = {
				ASSETCATALOG_COMPILER_APPICON_NAME = AppIcon;
				ASSETCATALOG_COMPILER_GLOBAL_ACCENT_COLOR_NAME = AccentColor;
				CODE_SIGN_STYLE = Automatic;
				CURRENT_PROJECT_VERSION = 1;
				DEVELOPMENT_TEAM = 5HDJX97Z93;
				FRAMEWORK_SEARCH_PATHS = (
					"$(inherited)",
					"$(PROJECT_DIR)/FashionApp",
					"$(PROJECT_DIR)",
				);
				GENERATE_INFOPLIST_FILE = YES;
				INFOPLIST_FILE = FashionApp/Info.plist;
				INFOPLIST_KEY_UIApplicationSupportsIndirectInputEvents = YES;
				INFOPLIST_KEY_UILaunchStoryboardName = LaunchScreen;
				INFOPLIST_KEY_UIMainStoryboardFile = "";
				INFOPLIST_KEY_UISupportedInterfaceOrientations = UIInterfaceOrientationPortrait;
				INFOPLIST_KEY_UISupportedInterfaceOrientations_iPad = "UIInterfaceOrientationLandscapeLeft UIInterfaceOrientationLandscapeRight UIInterfaceOrientationPortrait UIInterfaceOrientationPortraitUpsideDown";
				LD_RUNPATH_SEARCH_PATHS = (
					"$(inherited)",
					"@executable_path/Frameworks",
				);
				MARKETING_VERSION = 1.0;
				PRODUCT_BUNDLE_IDENTIFIER = com.esifyce.FashionApp;
				PRODUCT_NAME = "$(TARGET_NAME)";
				SWIFT_EMIT_LOC_STRINGS = YES;
				SWIFT_VERSION = 5.0;
				TARGETED_DEVICE_FAMILY = "1,2";
			};
			name = Release;
		};
/* End XCBuildConfiguration section */

/* Begin XCConfigurationList section */
		08C952AE2A7D5628009D501C /* Build configuration list for PBXProject "FashionApp" */ = {
			isa = XCConfigurationList;
			buildConfigurations = (
				08C952C52A7D562A009D501C /* Debug */,
				08C952C62A7D562A009D501C /* Release */,
			);
			defaultConfigurationIsVisible = 0;
			defaultConfigurationName = Release;
		};
		08C952C72A7D562A009D501C /* Build configuration list for PBXNativeTarget "FashionApp" */ = {
			isa = XCConfigurationList;
			buildConfigurations = (
				08C952C82A7D562A009D501C /* Debug */,
				08C952C92A7D562A009D501C /* Release */,
			);
			defaultConfigurationIsVisible = 0;
			defaultConfigurationName = Release;
		};
/* End XCConfigurationList section */

/* Begin XCRemoteSwiftPackageReference section */
		558D83002A7D660A003EC291 /* XCRemoteSwiftPackageReference "SnapKit" */ = {
			isa = XCRemoteSwiftPackageReference;
			repositoryURL = "https://github.com/SnapKit/SnapKit.git";
			requirement = {
				kind = upToNextMajorVersion;
				minimumVersion = 5.0.0;
			};
		};
		558D83032A7D677C003EC291 /* XCRemoteSwiftPackageReference "realm-swift" */ = {
			isa = XCRemoteSwiftPackageReference;
			repositoryURL = "https://github.com/realm/realm-swift.git";
			requirement = {
				kind = upToNextMajorVersion;
				minimumVersion = 10.0.0;
			};
		};
		55CA4B7B2A7EAEE800B43191 /* XCRemoteSwiftPackageReference "FrameBuilder" */ = {
			isa = XCRemoteSwiftPackageReference;
			repositoryURL = "https://github.com/weakvar/FrameBuilder.git";
			requirement = {
				kind = upToNextMajorVersion;
				minimumVersion = 1.0.0;
			};
		};
/* End XCRemoteSwiftPackageReference section */

/* Begin XCSwiftPackageProductDependency section */
		558D83012A7D660A003EC291 /* SnapKit */ = {
			isa = XCSwiftPackageProductDependency;
			package = 558D83002A7D660A003EC291 /* XCRemoteSwiftPackageReference "SnapKit" */;
			productName = SnapKit;
		};
		558D83042A7D677C003EC291 /* Realm */ = {
			isa = XCSwiftPackageProductDependency;
			package = 558D83032A7D677C003EC291 /* XCRemoteSwiftPackageReference "realm-swift" */;
			productName = Realm;
		};
		558D83062A7D677C003EC291 /* RealmSwift */ = {
			isa = XCSwiftPackageProductDependency;
			package = 558D83032A7D677C003EC291 /* XCRemoteSwiftPackageReference "realm-swift" */;
			productName = RealmSwift;
		};
		55CA4B7C2A7EAEE800B43191 /* FrameBuilder */ = {
			isa = XCSwiftPackageProductDependency;
			package = 55CA4B7B2A7EAEE800B43191 /* XCRemoteSwiftPackageReference "FrameBuilder" */;
			productName = FrameBuilder;
		};
/* End XCSwiftPackageProductDependency section */
	};
	rootObject = 08C952AB2A7D5628009D501C /* Project object */;
}
