// !$*UTF8*$!
{
	archiveVersion = 1;
	classes = {
	};
	objectVersion = 56;
	objects = {

/* Begin PBXBuildFile section */
		08C952B72A7D5628009D501C /* AppDelegate.swift in Sources */ = {isa = PBXBuildFile; fileRef = 08C952B62A7D5628009D501C /* AppDelegate.swift */; };
		08C952B92A7D5628009D501C /* SceneDelegate.swift in Sources */ = {isa = PBXBuildFile; fileRef = 08C952B82A7D5628009D501C /* SceneDelegate.swift */; };
		08C952BB2A7D5628009D501C /* MainViewController.swift in Sources */ = {isa = PBXBuildFile; fileRef = 08C952BA2A7D5628009D501C /* MainViewController.swift */; };
		08C952BE2A7D5628009D501C /* Main.storyboard in Resources */ = {isa = PBXBuildFile; fileRef = 08C952BC2A7D5628009D501C /* Main.storyboard */; };
		08C952C02A7D562A009D501C /* Assets.xcassets in Resources */ = {isa = PBXBuildFile; fileRef = 08C952BF2A7D562A009D501C /* Assets.xcassets */; };
		08C952C32A7D562A009D501C /* LaunchScreen.storyboard in Resources */ = {isa = PBXBuildFile; fileRef = 08C952C12A7D562A009D501C /* LaunchScreen.storyboard */; };
		08C952D22A7D5843009D501C /* KMDrawViewSDK.framework in Frameworks */ = {isa = PBXBuildFile; fileRef = 08C952D12A7D5843009D501C /* KMDrawViewSDK.framework */; };
		558D83022A7D660A003EC291 /* SnapKit in Frameworks */ = {isa = PBXBuildFile; productRef = 558D83012A7D660A003EC291 /* SnapKit */; };
		558D83052A7D677C003EC291 /* Realm in Frameworks */ = {isa = PBXBuildFile; productRef = 558D83042A7D677C003EC291 /* Realm */; };
		558D83072A7D677C003EC291 /* RealmSwift in Frameworks */ = {isa = PBXBuildFile; productRef = 558D83062A7D677C003EC291 /* RealmSwift */; };
/* End PBXBuildFile section */

/* Begin PBXCopyFilesBuildPhase section */
		08C952D02A7D574D009D501C /* Embed Frameworks */ = {
			isa = PBXCopyFilesBuildPhase;
			buildActionMask = 2147483647;
			dstPath = "";
			dstSubfolderSpec = 10;
			files = (
			);
			name = "Embed Frameworks";
			runOnlyForDeploymentPostprocessing = 0;
		};
/* End PBXCopyFilesBuildPhase section */

/* Begin PBXFileReference section */
		08C952B32A7D5628009D501C /* FashionApp.app */ = {isa = PBXFileReference; explicitFileType = wrapper.application; includeInIndex = 0; path = FashionApp.app; sourceTree = BUILT_PRODUCTS_DIR; };
		08C952B62A7D5628009D501C /* AppDelegate.swift */ = {isa = PBXFileReference; lastKnownFileType = sourcecode.swift; path = AppDelegate.swift; sourceTree = "<group>"; };
		08C952B82A7D5628009D501C /* SceneDelegate.swift */ = {isa = PBXFileReference; lastKnownFileType = sourcecode.swift; path = SceneDelegate.swift; sourceTree = "<group>"; };
		08C952BA2A7D5628009D501C /* MainViewController.swift */ = {isa = PBXFileReference; lastKnownFileType = sourcecode.swift; path = MainViewController.swift; sourceTree = "<group>"; };
		08C952BD2A7D5628009D501C /* Base */ = {isa = PBXFileReference; lastKnownFileType = file.storyboard; name = Base; path = Base.lproj/Main.storyboard; sourceTree = "<group>"; };
		08C952BF2A7D562A009D501C /* Assets.xcassets */ = {isa = PBXFileReference; lastKnownFileType = folder.assetcatalog; path = Assets.xcassets; sourceTree = "<group>"; };
		08C952C22A7D562A009D501C /* Base */ = {isa = PBXFileReference; lastKnownFileType = file.storyboard; name = Base; path = Base.lproj/LaunchScreen.storyboard; sourceTree = "<group>"; };
		08C952C42A7D562A009D501C /* Info.plist */ = {isa = PBXFileReference; lastKnownFileType = text.plist.xml; path = Info.plist; sourceTree = "<group>"; };
		08C952D12A7D5843009D501C /* KMDrawViewSDK.framework */ = {isa = PBXFileReference; lastKnownFileType = wrapper.framework; path = KMDrawViewSDK.framework; sourceTree = "<group>"; };
/* End PBXFileReference section */

/* Begin PBXFrameworksBuildPhase section */
		08C952B02A7D5628009D501C /* Frameworks */ = {
			isa = PBXFrameworksBuildPhase;
			buildActionMask = 2147483647;
			files = (
				558D83072A7D677C003EC291 /* RealmSwift in Frameworks */,
				558D83052A7D677C003EC291 /* Realm in Frameworks */,
				08C952D22A7D5843009D501C /* KMDrawViewSDK.framework in Frameworks */,
				558D83022A7D660A003EC291 /* SnapKit in Frameworks */,
			);
			runOnlyForDeploymentPostprocessing = 0;
		};
/* End PBXFrameworksBuildPhase section */

/* Begin PBXGroup section */
		08C952AA2A7D5628009D501C = {
			isa = PBXGroup;
			children = (
				08C952B52A7D5628009D501C /* FashionApp */,
				08C952B42A7D5628009D501C /* Products */,
				08C952CC2A7D574C009D501C /* Frameworks */,
			);
			sourceTree = "<group>";
		};
		08C952B42A7D5628009D501C /* Products */ = {
			isa = PBXGroup;
			children = (
				08C952B32A7D5628009D501C /* FashionApp.app */,
			);
			name = Products;
			sourceTree = "<group>";
		};
		08C952B52A7D5628009D501C /* FashionApp */ = {
			isa = PBXGroup;
			children = (
				558D82FC2A7D63BA003EC291 /* Modules */,
				558D82FA2A7D6394003EC291 /* Resource */,
				558D82F92A7D6389003EC291 /* Helpers */,
				558D82F82A7D6350003EC291 /* Supporting Files */,
				08C952C42A7D562A009D501C /* Info.plist */,
			);
			path = FashionApp;
			sourceTree = "<group>";
		};
		08C952CC2A7D574C009D501C /* Frameworks */ = {
			isa = PBXGroup;
			children = (
				08C952D12A7D5843009D501C /* KMDrawViewSDK.framework */,
			);
			name = Frameworks;
			sourceTree = "<group>";
		};
		558D82F82A7D6350003EC291 /* Supporting Files */ = {
			isa = PBXGroup;
			children = (
				08C952B82A7D5628009D501C /* SceneDelegate.swift */,
				08C952B62A7D5628009D501C /* AppDelegate.swift */,
				08C952BC2A7D5628009D501C /* Main.storyboard */,
				08C952C12A7D562A009D501C /* LaunchScreen.storyboard */,
			);
			path = "Supporting Files";
			sourceTree = "<group>";
		};
		558D82F92A7D6389003EC291 /* Helpers */ = {
			isa = PBXGroup;
			children = (
				558D82FB2A7D63A3003EC291 /* Extensions */,
			);
			path = Helpers;
			sourceTree = "<group>";
		};
		558D82FA2A7D6394003EC291 /* Resource */ = {
			isa = PBXGroup;
			children = (
				08C952BF2A7D562A009D501C /* Assets.xcassets */,
			);
			path = Resource;
			sourceTree = "<group>";
		};
		558D82FB2A7D63A3003EC291 /* Extensions */ = {
			isa = PBXGroup;
			children = (
			);
			path = Extensions;
			sourceTree = "<group>";
		};
		558D82FC2A7D63BA003EC291 /* Modules */ = {
			isa = PBXGroup;
			children = (
				558D82FF2A7D640F003EC291 /* Editor */,
				558D82FE2A7D63F3003EC291 /* Main */,
				558D82FD2A7D63C8003EC291 /* PayWall */,
			);
			path = Modules;
			sourceTree = "<group>";
		};
		558D82FD2A7D63C8003EC291 /* PayWall */ = {
			isa = PBXGroup;
			children = (
			);
			path = PayWall;
			sourceTree = "<group>";
		};
		558D82FE2A7D63F3003EC291 /* Main */ = {
			isa = PBXGroup;
			children = (
				08C952BA2A7D5628009D501C /* MainViewController.swift */,
			);
			path = Main;
			sourceTree = "<group>";
		};
		558D82FF2A7D640F003EC291 /* Editor */ = {
			isa = PBXGroup;
			children = (
			);
			path = Editor;
			sourceTree = "<group>";
		};
/* End PBXGroup section */

/* Begin PBXNativeTarget section */
		08C952B22A7D5628009D501C /* FashionApp */ = {
			isa = PBXNativeTarget;
			buildConfigurationList = 08C952C72A7D562A009D501C /* Build configuration list for PBXNativeTarget "FashionApp" */;
			buildPhases = (
				08C952AF2A7D5628009D501C /* Sources */,
				08C952B02A7D5628009D501C /* Frameworks */,
				08C952B12A7D5628009D501C /* Resources */,
				08C952D02A7D574D009D501C /* Embed Frameworks */,
			);
			buildRules = (
			);
			dependencies = (
			);
			name = FashionApp;
			packageProductDependencies = (
				558D83012A7D660A003EC291 /* SnapKit */,
				558D83042A7D677C003EC291 /* Realm */,
				558D83062A7D677C003EC291 /* RealmSwift */,
			);
			productName = FashionApp;
			productReference = 08C952B32A7D5628009D501C /* FashionApp.app */;
			productType = "com.apple.product-type.application";
		};
/* End PBXNativeTarget section */

/* Begin PBXProject section */
		08C952AB2A7D5628009D501C /* Project object */ = {
			isa = PBXProject;
			attributes = {
				BuildIndependentTargetsInParallel = 1;
				LastSwiftUpdateCheck = 1430;
				LastUpgradeCheck = 1430;
				TargetAttributes = {
					08C952B22A7D5628009D501C = {
						CreatedOnToolsVersion = 14.3;
					};
				};
			};
			buildConfigurationList = 08C952AE2A7D5628009D501C /* Build configuration list for PBXProject "FashionApp" */;
			compatibilityVersion = "Xcode 14.0";
			developmentRegion = en;
			hasScannedForEncodings = 0;
			knownRegions = (
				en,
				Base,
			);
			mainGroup = 08C952AA2A7D5628009D501C;
			packageReferences = (
				558D83002A7D660A003EC291 /* XCRemoteSwiftPackageReference "SnapKit" */,
				558D83032A7D677C003EC291 /* XCRemoteSwiftPackageReference "realm-swift" */,
			);
			productRefGroup = 08C952B42A7D5628009D501C /* Products */;
			projectDirPath = "";
			projectRoot = "";
			targets = (
				08C952B22A7D5628009D501C /* FashionApp */,
			);
		};
/* End PBXProject section */

/* Begin PBXResourcesBuildPhase section */
		08C952B12A7D5628009D501C /* Resources */ = {
			isa = PBXResourcesBuildPhase;
			buildActionMask = 2147483647;
			files = (
				08C952C32A7D562A009D501C /* LaunchScreen.storyboard in Resources */,
				08C952C02A7D562A009D501C /* Assets.xcassets in Resources */,
				08C952BE2A7D5628009D501C /* Main.storyboard in Resources */,
			);
			runOnlyForDeploymentPostprocessing = 0;
		};
/* End PBXResourcesBuildPhase section */

/* Begin PBXSourcesBuildPhase section */
		08C952AF2A7D5628009D501C /* Sources */ = {
			isa = PBXSourcesBuildPhase;
			buildActionMask = 2147483647;
			files = (
				08C952BB2A7D5628009D501C /* MainViewController.swift in Sources */,
				08C952B72A7D5628009D501C /* AppDelegate.swift in Sources */,
				08C952B92A7D5628009D501C /* SceneDelegate.swift in Sources */,
			);
			runOnlyForDeploymentPostprocessing = 0;
		};
/* End PBXSourcesBuildPhase section */

/* Begin PBXVariantGroup section */
		08C952BC2A7D5628009D501C /* Main.storyboard */ = {
			isa = PBXVariantGroup;
			children = (
				08C952BD2A7D5628009D501C /* Base */,
			);
			name = Main.storyboard;
			sourceTree = "<group>";
		};
		08C952C12A7D562A009D501C /* LaunchScreen.storyboard */ = {
			isa = PBXVariantGroup;
			children = (
				08C952C22A7D562A009D501C /* Base */,
			);
			name = LaunchScreen.storyboard;
			sourceTree = "<group>";
		};
/* End PBXVariantGroup section */

/* Begin XCBuildConfiguration section */
		08C952C52A7D562A009D501C /* Debug */ = {
			isa = XCBuildConfiguration;
			buildSettings = {
				ALWAYS_SEARCH_USER_PATHS = NO;
				CLANG_ANALYZER_NONNULL = YES;
				CLANG_ANALYZER_NUMBER_OBJECT_CONVERSION = YES_AGGRESSIVE;
				CLANG_CXX_LANGUAGE_STANDARD = "gnu++20";
				CLANG_ENABLE_MODULES = YES;
				CLANG_ENABLE_OBJC_ARC = YES;
				CLANG_ENABLE_OBJC_WEAK = YES;
				CLANG_WARN_BLOCK_CAPTURE_AUTORELEASING = YES;
				CLANG_WARN_BOOL_CONVERSION = YES;
				CLANG_WARN_COMMA = YES;
				CLANG_WARN_CONSTANT_CONVERSION = YES;
				CLANG_WARN_DEPRECATED_OBJC_IMPLEMENTATIONS = YES;
				CLANG_WARN_DIRECT_OBJC_ISA_USAGE = YES_ERROR;
				CLANG_WARN_DOCUMENTATION_COMMENTS = YES;
				CLANG_WARN_EMPTY_BODY = YES;
				CLANG_WARN_ENUM_CONVERSION = YES;
				CLANG_WARN_INFINITE_RECURSION = YES;
				CLANG_WARN_INT_CONVERSION = YES;
				CLANG_WARN_NON_LITERAL_NULL_CONVERSION = YES;
				CLANG_WARN_OBJC_IMPLICIT_RETAIN_SELF = YES;
				CLANG_WARN_OBJC_LITERAL_CONVERSION = YES;
				CLANG_WARN_OBJC_ROOT_CLASS = YES_ERROR;
				CLANG_WARN_QUOTED_INCLUDE_IN_FRAMEWORK_HEADER = YES;
				CLANG_WARN_RANGE_LOOP_ANALYSIS = YES;
				CLANG_WARN_STRICT_PROTOTYPES = YES;
				CLANG_WARN_SUSPICIOUS_MOVE = YES;
				CLANG_WARN_UNGUARDED_AVAILABILITY = YES_AGGRESSIVE;
				CLANG_WARN_UNREACHABLE_CODE = YES;
				CLANG_WARN__DUPLICATE_METHOD_MATCH = YES;
				COPY_PHASE_STRIP = NO;
				DEBUG_INFORMATION_FORMAT = dwarf;
				ENABLE_STRICT_OBJC_MSGSEND = YES;
				ENABLE_TESTABILITY = YES;
				GCC_C_LANGUAGE_STANDARD = gnu11;
				GCC_DYNAMIC_NO_PIC = NO;
				GCC_NO_COMMON_BLOCKS = YES;
				GCC_OPTIMIZATION_LEVEL = 0;
				GCC_PREPROCESSOR_DEFINITIONS = (
					"DEBUG=1",
					"$(inherited)",
				);
				GCC_WARN_64_TO_32_BIT_CONVERSION = YES;
				GCC_WARN_ABOUT_RETURN_TYPE = YES_ERROR;
				GCC_WARN_UNDECLARED_SELECTOR = YES;
				GCC_WARN_UNINITIALIZED_AUTOS = YES_AGGRESSIVE;
				GCC_WARN_UNUSED_FUNCTION = YES;
				GCC_WARN_UNUSED_VARIABLE = YES;
				IPHONEOS_DEPLOYMENT_TARGET = 16.4;
				MTL_ENABLE_DEBUG_INFO = INCLUDE_SOURCE;
				MTL_FAST_MATH = YES;
				ONLY_ACTIVE_ARCH = YES;
				SDKROOT = iphoneos;
				SWIFT_ACTIVE_COMPILATION_CONDITIONS = DEBUG;
				SWIFT_OPTIMIZATION_LEVEL = "-Onone";
			};
			name = Debug;
		};
		08C952C62A7D562A009D501C /* Release */ = {
			isa = XCBuildConfiguration;
			buildSettings = {
				ALWAYS_SEARCH_USER_PATHS = NO;
				CLANG_ANALYZER_NONNULL = YES;
				CLANG_ANALYZER_NUMBER_OBJECT_CONVERSION = YES_AGGRESSIVE;
				CLANG_CXX_LANGUAGE_STANDARD = "gnu++20";
				CLANG_ENABLE_MODULES = YES;
				CLANG_ENABLE_OBJC_ARC = YES;
				CLANG_ENABLE_OBJC_WEAK = YES;
				CLANG_WARN_BLOCK_CAPTURE_AUTORELEASING = YES;
				CLANG_WARN_BOOL_CONVERSION = YES;
				CLANG_WARN_COMMA = YES;
				CLANG_WARN_CONSTANT_CONVERSION = YES;
				CLANG_WARN_DEPRECATED_OBJC_IMPLEMENTATIONS = YES;
				CLANG_WARN_DIRECT_OBJC_ISA_USAGE = YES_ERROR;
				CLANG_WARN_DOCUMENTATION_COMMENTS = YES;
				CLANG_WARN_EMPTY_BODY = YES;
				CLANG_WARN_ENUM_CONVERSION = YES;
				CLANG_WARN_INFINITE_RECURSION = YES;
				CLANG_WARN_INT_CONVERSION = YES;
				CLANG_WARN_NON_LITERAL_NULL_CONVERSION = YES;
				CLANG_WARN_OBJC_IMPLICIT_RETAIN_SELF = YES;
				CLANG_WARN_OBJC_LITERAL_CONVERSION = YES;
				CLANG_WARN_OBJC_ROOT_CLASS = YES_ERROR;
				CLANG_WARN_QUOTED_INCLUDE_IN_FRAMEWORK_HEADER = YES;
				CLANG_WARN_RANGE_LOOP_ANALYSIS = YES;
				CLANG_WARN_STRICT_PROTOTYPES = YES;
				CLANG_WARN_SUSPICIOUS_MOVE = YES;
				CLANG_WARN_UNGUARDED_AVAILABILITY = YES_AGGRESSIVE;
				CLANG_WARN_UNREACHABLE_CODE = YES;
				CLANG_WARN__DUPLICATE_METHOD_MATCH = YES;
				COPY_PHASE_STRIP = NO;
				DEBUG_INFORMATION_FORMAT = "dwarf-with-dsym";
				ENABLE_NS_ASSERTIONS = NO;
				ENABLE_STRICT_OBJC_MSGSEND = YES;
				GCC_C_LANGUAGE_STANDARD = gnu11;
				GCC_NO_COMMON_BLOCKS = YES;
				GCC_WARN_64_TO_32_BIT_CONVERSION = YES;
				GCC_WARN_ABOUT_RETURN_TYPE = YES_ERROR;
				GCC_WARN_UNDECLARED_SELECTOR = YES;
				GCC_WARN_UNINITIALIZED_AUTOS = YES_AGGRESSIVE;
				GCC_WARN_UNUSED_FUNCTION = YES;
				GCC_WARN_UNUSED_VARIABLE = YES;
				IPHONEOS_DEPLOYMENT_TARGET = 16.4;
				MTL_ENABLE_DEBUG_INFO = NO;
				MTL_FAST_MATH = YES;
				SDKROOT = iphoneos;
				SWIFT_COMPILATION_MODE = wholemodule;
				SWIFT_OPTIMIZATION_LEVEL = "-O";
				VALIDATE_PRODUCT = YES;
			};
			name = Release;
		};
		08C952C82A7D562A009D501C /* Debug */ = {
			isa = XCBuildConfiguration;
			buildSettings = {
				ASSETCATALOG_COMPILER_APPICON_NAME = AppIcon;
				ASSETCATALOG_COMPILER_GLOBAL_ACCENT_COLOR_NAME = AccentColor;
				CODE_SIGN_STYLE = Automatic;
				CURRENT_PROJECT_VERSION = 1;
				DEVELOPMENT_TEAM = 5HDJX97Z93;
				FRAMEWORK_SEARCH_PATHS = (
					"$(inherited)",
					"$(PROJECT_DIR)/FashionApp",
					"$(PROJECT_DIR)",
				);
				GENERATE_INFOPLIST_FILE = YES;
				INFOPLIST_FILE = FashionApp/Info.plist;
				INFOPLIST_KEY_UIApplicationSupportsIndirectInputEvents = YES;
				INFOPLIST_KEY_UILaunchStoryboardName = LaunchScreen;
				INFOPLIST_KEY_UIMainStoryboardFile = Main;
				INFOPLIST_KEY_UISupportedInterfaceOrientations_iPad = "UIInterfaceOrientationPortrait UIInterfaceOrientationPortraitUpsideDown UIInterfaceOrientationLandscapeLeft UIInterfaceOrientationLandscapeRight";
				INFOPLIST_KEY_UISupportedInterfaceOrientations_iPhone = "UIInterfaceOrientationPortrait UIInterfaceOrientationLandscapeLeft UIInterfaceOrientationLandscapeRight";
				LD_RUNPATH_SEARCH_PATHS = (
					"$(inherited)",
					"@executable_path/Frameworks",
				);
				MARKETING_VERSION = 1.0;
				PRODUCT_BUNDLE_IDENTIFIER = com.esifyce.FashionApp;
				PRODUCT_NAME = "$(TARGET_NAME)";
				SWIFT_EMIT_LOC_STRINGS = YES;
				SWIFT_VERSION = 5.0;
				TARGETED_DEVICE_FAMILY = "1,2";
			};
			name = Debug;
		};
		08C952C92A7D562A009D501C /* Release */ = {
			isa = XCBuildConfiguration;
			buildSettings = {
				ASSETCATALOG_COMPILER_APPICON_NAME = AppIcon;
				ASSETCATALOG_COMPILER_GLOBAL_ACCENT_COLOR_NAME = AccentColor;
				CODE_SIGN_STYLE = Automatic;
				CURRENT_PROJECT_VERSION = 1;
				DEVELOPMENT_TEAM = 5HDJX97Z93;
				FRAMEWORK_SEARCH_PATHS = (
					"$(inherited)",
					"$(PROJECT_DIR)/FashionApp",
					"$(PROJECT_DIR)",
				);
				GENERATE_INFOPLIST_FILE = YES;
				INFOPLIST_FILE = FashionApp/Info.plist;
				INFOPLIST_KEY_UIApplicationSupportsIndirectInputEvents = YES;
				INFOPLIST_KEY_UILaunchStoryboardName = LaunchScreen;
				INFOPLIST_KEY_UIMainStoryboardFile = Main;
				INFOPLIST_KEY_UISupportedInterfaceOrientations_iPad = "UIInterfaceOrientationPortrait UIInterfaceOrientationPortraitUpsideDown UIInterfaceOrientationLandscapeLeft UIInterfaceOrientationLandscapeRight";
				INFOPLIST_KEY_UISupportedInterfaceOrientations_iPhone = "UIInterfaceOrientationPortrait UIInterfaceOrientationLandscapeLeft UIInterfaceOrientationLandscapeRight";
				LD_RUNPATH_SEARCH_PATHS = (
					"$(inherited)",
					"@executable_path/Frameworks",
				);
				MARKETING_VERSION = 1.0;
				PRODUCT_BUNDLE_IDENTIFIER = com.esifyce.FashionApp;
				PRODUCT_NAME = "$(TARGET_NAME)";
				SWIFT_EMIT_LOC_STRINGS = YES;
				SWIFT_VERSION = 5.0;
				TARGETED_DEVICE_FAMILY = "1,2";
			};
			name = Release;
		};
/* End XCBuildConfiguration section */

/* Begin XCConfigurationList section */
		08C952AE2A7D5628009D501C /* Build configuration list for PBXProject "FashionApp" */ = {
			isa = XCConfigurationList;
			buildConfigurations = (
				08C952C52A7D562A009D501C /* Debug */,
				08C952C62A7D562A009D501C /* Release */,
			);
			defaultConfigurationIsVisible = 0;
			defaultConfigurationName = Release;
		};
		08C952C72A7D562A009D501C /* Build configuration list for PBXNativeTarget "FashionApp" */ = {
			isa = XCConfigurationList;
			buildConfigurations = (
				08C952C82A7D562A009D501C /* Debug */,
				08C952C92A7D562A009D501C /* Release */,
			);
			defaultConfigurationIsVisible = 0;
			defaultConfigurationName = Release;
		};
/* End XCConfigurationList section */

/* Begin XCRemoteSwiftPackageReference section */
		558D83002A7D660A003EC291 /* XCRemoteSwiftPackageReference "SnapKit" */ = {
			isa = XCRemoteSwiftPackageReference;
			repositoryURL = "https://github.com/SnapKit/SnapKit.git";
			requirement = {
				kind = upToNextMajorVersion;
				minimumVersion = 5.0.0;
			};
		};
		558D83032A7D677C003EC291 /* XCRemoteSwiftPackageReference "realm-swift" */ = {
			isa = XCRemoteSwiftPackageReference;
			repositoryURL = "https://github.com/realm/realm-swift.git";
			requirement = {
				kind = upToNextMajorVersion;
				minimumVersion = 10.0.0;
			};
		};
/* End XCRemoteSwiftPackageReference section */

/* Begin XCSwiftPackageProductDependency section */
		558D83012A7D660A003EC291 /* SnapKit */ = {
			isa = XCSwiftPackageProductDependency;
			package = 558D83002A7D660A003EC291 /* XCRemoteSwiftPackageReference "SnapKit" */;
			productName = SnapKit;
		};
		558D83042A7D677C003EC291 /* Realm */ = {
			isa = XCSwiftPackageProductDependency;
			package = 558D83032A7D677C003EC291 /* XCRemoteSwiftPackageReference "realm-swift" */;
			productName = Realm;
		};
		558D83062A7D677C003EC291 /* RealmSwift */ = {
			isa = XCSwiftPackageProductDependency;
			package = 558D83032A7D677C003EC291 /* XCRemoteSwiftPackageReference "realm-swift" */;
			productName = RealmSwift;
		};
/* End XCSwiftPackageProductDependency section */
	};
	rootObject = 08C952AB2A7D5628009D501C /* Project object */;
}
